
Microsoft Visual Studio Solution File, Format Version 12.00
Project("{FAE04EC0-301F-11D3-BF4B-00C04F79EFBC}") = "WebReservation.API", "WebReservation.API\WebReservation.API.csproj", "{AED4360A-D84B-466F-8778-BBFEC78A6B70}"
EndProject
Project("{FAE04EC0-301F-11D3-BF4B-00C04F79EFBC}") = "WebReservation.Data", "WebReservation.Data\WebReservation.Data.csproj", "{F1E0430D-C850-42E1-8052-3AAD28D042D0}"
EndProject
Global
	GlobalSection(SolutionConfigurationPlatforms) = preSolution
		Debug|Any CPU = Debug|Any CPU
		Release|Any CPU = Release|Any CPU
	EndGlobalSection
	GlobalSection(ProjectConfigurationPlatforms) = postSolution
		{AED4360A-D84B-466F-8778-BBFEC78A6B70}.Debug|Any CPU.ActiveCfg = Debug|Any CPU
		{AED4360A-D84B-466F-8778-BBFEC78A6B70}.Debug|Any CPU.Build.0 = Debug|Any CPU
		{AED4360A-D84B-466F-8778-BBFEC78A6B70}.Release|Any CPU.ActiveCfg = Release|Any CPU
		{AED4360A-D84B-466F-8778-BBFEC78A6B70}.Release|Any CPU.Build.0 = Release|Any CPU
		{F1E0430D-C850-42E1-8052-3AAD28D042D0}.Debug|Any CPU.ActiveCfg = Debug|Any CPU
		{F1E0430D-C850-42E1-8052-3AAD28D042D0}.Debug|Any CPU.Build.0 = Debug|Any CPU
		{F1E0430D-C850-42E1-8052-3AAD28D042D0}.Release|Any CPU.ActiveCfg = Release|Any CPU
		{F1E0430D-C850-42E1-8052-3AAD28D042D0}.Release|Any CPU.Build.0 = Release|Any CPU
	EndGlobalSection
EndGlobal
